
Microsoft Visual Studio Solution File, Format Version 12.00
# Visual Studio Version 17
VisualStudioVersion = 17.10.35027.167
MinimumVisualStudioVersion = 10.0.40219.1
Project("{9A19103F-16F7-4668-BE54-9A1E7A4F7556}") = "RAYTRACER_UNILIGHT", "RaytracerUnilight.csproj", "{0AAF7CA3-9A8C-4C53-8A84-584616130377}"
EndProject
Project("{9A19103F-16F7-4668-BE54-9A1E7A4F7556}") = "LIBUNILIGHT", "..\LibUnilight\LibUnilight.csproj", "{FD49C5BE-C3FC-4425-8666-09E2E32C90B7}"
EndProject
Global
	GlobalSection(SolutionConfigurationPlatforms) = preSolution
		Debug|Any CPU = Debug|Any CPU
		Release|Any CPU = Release|Any CPU
	EndGlobalSection
	GlobalSection(ProjectConfigurationPlatforms) = postSolution
		{0AAF7CA3-9A8C-4C53-8A84-584616130377}.Debug|Any CPU.ActiveCfg = Debug|Any CPU
		{0AAF7CA3-9A8C-4C53-8A84-584616130377}.Debug|Any CPU.Build.0 = Debug|Any CPU
		{0AAF7CA3-9A8C-4C53-8A84-584616130377}.Release|Any CPU.ActiveCfg = Release|Any CPU
		{0AAF7CA3-9A8C-4C53-8A84-584616130377}.Release|Any CPU.Build.0 = Release|Any CPU
		{FD49C5BE-C3FC-4425-8666-09E2E32C90B7}.Debug|Any CPU.ActiveCfg = Debug|Any CPU
		{FD49C5BE-C3FC-4425-8666-09E2E32C90B7}.Debug|Any CPU.Build.0 = Debug|Any CPU
		{FD49C5BE-C3FC-4425-8666-09E2E32C90B7}.Release|Any CPU.ActiveCfg = Release|Any CPU
		{FD49C5BE-C3FC-4425-8666-09E2E32C90B7}.Release|Any CPU.Build.0 = Release|Any CPU
	EndGlobalSection
	GlobalSection(SolutionProperties) = preSolution
		HideSolutionNode = FALSE
	EndGlobalSection
	GlobalSection(ExtensibilityGlobals) = postSolution
		SolutionGuid = {A7B92B4E-6C8C-4914-A1B6-9A1A8ABBEC0C}
	EndGlobalSection
EndGlobal
